lockfileVersion: '9.0'

settings:
  autoInstallPeers: true
  excludeLinksFromLockfile: false

importers:

  .:
    dependencies:
      schemastery:
        specifier: ^3.18.0
        version: 3.18.0
      ws:
        specifier: ^8.18.3
        version: 8.21.3

packages:

  '@standard-schema/spec@1.1.0':
    resolution: {integrity: sha512-l2aFy5jALhniG5HgqrD6jXLi/rUWrKvqN/qJx6yoJsgKhblVd+iqqU4RCXavm/jPityDo5TCvKMnpjKnOriy0w==}

  cosmokit@1.8.1:
    resolution: {integrity: sha512-PDBv4l90xZKrUsZ0vtoycgZpO/j4iFsqJXrAxsyBDsnQRI7ZMJXIjgDJsKNjd5L8jnVnnlrDCdhkFbTncgCVjQ==}

  schemastery@3.18.0:
    resolution: {integrity: sha512-Jw2uxjoyyqc/yeurmChUEc/jbi8GsrdXV/KmqRUDZXJAXAmrJiPsz8vKa17l/VckyzljHZ9oGaul443CQiXxtA==}

  ws@8.21.3:
    resolution: {integrity: sha512-201TZ/kPWxoPr/OKWjquZR1SWKXcvxdH+e1xrx89b3YbmzLMFCLfnaG1HFIgWzJOEWZ7MvpK++odZufgYR50Rw==}
    engines: {node: '>=10.0.0'}
    peerDependencies:
      bufferutil: ^4.0.1
      utf-8-validate: '>=5.0.2'
    peerDependenciesMeta:
      bufferutil:
        optional: true
      utf-8-validate:
        optional: true

snapshots:

  '@standard-schema/spec@1.1.0': {}

  cosmokit@1.8.1: {}

  schemastery@3.18.0:
    dependencies:
      '@standard-schema/spec': 1.1.0
      cosmokit: 1.8.1

  ws@8.21.3: {}
